// !$*UTF8*$!
{
	archiveVersion = 1;
	classes = {
	};
	objectVersion = 77;
	objects = {

/* Begin PBXBuildFile section */
		3B70E6102F245E890052E385 /* AppDelegate.swift in Sources */ = {isa = PBXBuildFile; fileRef = 3B70E6062F245E890052E385 /* AppDelegate.swift */; };
		3B70E6112F245E890052E385 /* SceneDelegate.swift in Sources */ = {isa = PBXBuildFile; fileRef = 3B70E60D2F245E890052E385 /* SceneDelegate.swift */; };
		3B70E6132F245E890052E385 /* Assets.xcassets in Resources */ = {isa = PBXBuildFile; fileRef = 3B70E6072F245E890052E385 /* Assets.xcassets */; };
		3B70E6152F245E890052E385 /* LaunchScreen.storyboard in Resources */ = {isa = PBXBuildFile; fileRef = 3B70E60A2F245E890052E385 /* LaunchScreen.storyboard */; };
		3B70E6162F245E890052E385 /* Main.storyboard in Resources */ = {isa = PBXBuildFile; fileRef = 3B70E60C2F245E890052E385 /* Main.storyboard */; };
		3B993C2F2F24738B00C3387F /* SyncStatus.swift in Sources */ = {isa = PBXBuildFile; fileRef = 3B993C2E2F24738B00C3387F /* SyncStatus.swift */; };
		3B993C302F24738B00C3387F /* Post.swift in Sources */ = {isa = PBXBuildFile; fileRef = 3B993C2D2F24738B00C3387F /* Post.swift */; };
		3B993C342F2473AF00C3387F /* PostTests.swift in Sources */ = {isa = PBXBuildFile; fileRef = 3B993C312F2473AF00C3387F /* PostTests.swift */; };
		3B993C352F2473AF00C3387F /* SyncStatusTests.swift in Sources */ = {isa = PBXBuildFile; fileRef = 3B993C322F2473AF00C3387F /* SyncStatusTests.swift */; };
		3BD85EF32F24878A004CEBDC /* PostsRepository.swift in Sources */ = {isa = PBXBuildFile; fileRef = 3BD85EF12F24878A004CEBDC /* PostsRepository.swift */; };
		3BD85EFD2F248E46004CEBDC /* FetchPostUseCase.swift in Sources */ = {isa = PBXBuildFile; fileRef = 3BD85EF82F248E46004CEBDC /* FetchPostUseCase.swift */; };
		3BD85EFE2F248E46004CEBDC /* FetchPostsUseCase.swift in Sources */ = {isa = PBXBuildFile; fileRef = 3BD85EF72F248E46004CEBDC /* FetchPostsUseCase.swift */; };
		3BD85EFF2F248E46004CEBDC /* DeletePostUseCase.swift in Sources */ = {isa = PBXBuildFile; fileRef = 3BD85EF52F248E46004CEBDC /* DeletePostUseCase.swift */; };
		3BD85F002F248E46004CEBDC /* LoadMorePostsUseCase.swift in Sources */ = {isa = PBXBuildFile; fileRef = 3BD85EF92F248E46004CEBDC /* LoadMorePostsUseCase.swift */; };
		3BD85F012F248E46004CEBDC /* SyncPostsUseCase.swift in Sources */ = {isa = PBXBuildFile; fileRef = 3BD85EFA2F248E46004CEBDC /* SyncPostsUseCase.swift */; };
		3BD85F022F248E46004CEBDC /* UpdatePostUseCase.swift in Sources */ = {isa = PBXBuildFile; fileRef = 3BD85EFB2F248E46004CEBDC /* UpdatePostUseCase.swift */; };
		3BD85F032F248E46004CEBDC /* CreatePostUseCase.swift in Sources */ = {isa = PBXBuildFile; fileRef = 3BD85EF42F248E46004CEBDC /* CreatePostUseCase.swift */; };
		3BD85F042F248E46004CEBDC /* FetchDashboardUseCase.swift in Sources */ = {isa = PBXBuildFile; fileRef = 3BD85EF62F248E46004CEBDC /* FetchDashboardUseCase.swift */; };
		3BD85F062F248E64004CEBDC /* DashboardSummary.swift in Sources */ = {isa = PBXBuildFile; fileRef = 3BD85F052F248E62004CEBDC /* DashboardSummary.swift */; };
		3BD85F092F248F1F004CEBDC /* DomainError.swift in Sources */ = {isa = PBXBuildFile; fileRef = 3BD85F072F248F1F004CEBDC /* DomainError.swift */; };
		3BD85F1C2F24926A004CEBDC /* NetworkMonitor.swift in Sources */ = {isa = PBXBuildFile; fileRef = 3BD85F1B2F24926A004CEBDC /* NetworkMonitor.swift */; };
		3BD85F232F249515004CEBDC /* DashboardSummaryTests.swift in Sources */ = {isa = PBXBuildFile; fileRef = 3BD85F1D2F249515004CEBDC /* DashboardSummaryTests.swift */; };
		3BD85F272F24972B004CEBDC /* FetchDashboardUseCaseTests.swift in Sources */ = {isa = PBXBuildFile; fileRef = 3BD85F252F24972B004CEBDC /* FetchDashboardUseCaseTests.swift */; };
		3BD85F282F24972B004CEBDC /* LoadMorePostsUseCaseTests.swift in Sources */ = {isa = PBXBuildFile; fileRef = 3BD85F262F24972B004CEBDC /* LoadMorePostsUseCaseTests.swift */; };
		3BD85F322F2499A3004CEBDC /* PostsListViewController.swift in Sources */ = {isa = PBXBuildFile; fileRef = 3BD85F302F2499A3004CEBDC /* PostsListViewController.swift */; };
		3BD85F332F2499A3004CEBDC /* DashboardViewController.swift in Sources */ = {isa = PBXBuildFile; fileRef = 3BD85F2E2F2499A3004CEBDC /* DashboardViewController.swift */; };
		3BD85F362F249C55004CEBDC /* AppDIContainer.swift in Sources */ = {isa = PBXBuildFile; fileRef = 3BD85F342F249C55004CEBDC /* AppDIContainer.swift */; };
		3BD85F382F249C92004CEBDC /* PostsBuilder.swift in Sources */ = {isa = PBXBuildFile; fileRef = 3BD85F372F249C92004CEBDC /* PostsBuilder.swift */; };
		3BD85F3A2F249C9A004CEBDC /* DashboardBuilder.swift in Sources */ = {isa = PBXBuildFile; fileRef = 3BD85F392F249C9A004CEBDC /* DashboardBuilder.swift */; };
		3BD85F3C2F249E11004CEBDC /* AppDIContainer+BuilderFactory.swift in Sources */ = {isa = PBXBuildFile; fileRef = 3BD85F3B2F249E11004CEBDC /* AppDIContainer+BuilderFactory.swift */; };
		3BD85F412F249E4B004CEBDC /* PostsRepositoryImpl.swift in Sources */ = {isa = PBXBuildFile; fileRef = 3BD85F3F2F249E4B004CEBDC /* PostsRepositoryImpl.swift */; };
		3BD85F422F249E4B004CEBDC /* NetworkMonitorImpl.swift in Sources */ = {isa = PBXBuildFile; fileRef = 3BD85F3D2F249E4B004CEBDC /* NetworkMonitorImpl.swift */; };
		3BD85F462F249F50004CEBDC /* Router.swift in Sources */ = {isa = PBXBuildFile; fileRef = 3BD85F442F249F50004CEBDC /* Router.swift */; };
		3BD85F472F249F50004CEBDC /* AppRouter.swift in Sources */ = {isa = PBXBuildFile; fileRef = 3BD85F432F249F50004CEBDC /* AppRouter.swift */; };
		3BD85F4A2F24A1EE004CEBDC /* AppScreenFactory.swift in Sources */ = {isa = PBXBuildFile; fileRef = 3BD85F482F24A1EE004CEBDC /* AppScreenFactory.swift */; };
		3BD85F4C2F26FF25004CEBDC /* PostsListViewModel.swift in Sources */ = {isa = PBXBuildFile; fileRef = 3BD85F4B2F26FF25004CEBDC /* PostsListViewModel.swift */; };
		3BD85F542F26FF72004CEBDC /* SnapKit in Frameworks */ = {isa = PBXBuildFile; productRef = 3BD85F532F26FF72004CEBDC /* SnapKit */; };
		3BD85F572F26FF89004CEBDC /* Then in Frameworks */ = {isa = PBXBuildFile; productRef = 3BD85F562F26FF89004CEBDC /* Then */; };
		3BD85F5B2F2703EA004CEBDC /* PostsListViewModelTests.swift in Sources */ = {isa = PBXBuildFile; fileRef = 3BD85F582F2703EA004CEBDC /* PostsListViewModelTests.swift */; };
		3BD85F5E2F270683004CEBDC /* RxCocoa in Frameworks */ = {isa = PBXBuildFile; productRef = 3BD85F5D2F270683004CEBDC /* RxCocoa */; };
		3BD85F602F270683004CEBDC /* RxSwift in Frameworks */ = {isa = PBXBuildFile; productRef = 3BD85F5F2F270683004CEBDC /* RxSwift */; };
		3BD85F622F270683004CEBDC /* RxTest in Frameworks */ = {isa = PBXBuildFile; productRef = 3BD85F612F270683004CEBDC /* RxTest */; };
		3BD85F652F271645004CEBDC /* PostsListView.swift in Sources */ = {isa = PBXBuildFile; fileRef = 3BD85F642F271645004CEBDC /* PostsListView.swift */; };
		3BD85F662F271645004CEBDC /* PostCell.swift in Sources */ = {isa = PBXBuildFile; fileRef = 3BD85F632F271645004CEBDC /* PostCell.swift */; };
		3BD85F682F271EBE004CEBDC /* DashboardViewModel.swift in Sources */ = {isa = PBXBuildFile; fileRef = 3BD85F672F271EBE004CEBDC /* DashboardViewModel.swift */; };
		3BD85F6B2F272103004CEBDC /* DashboardViewModelTests.swift in Sources */ = {isa = PBXBuildFile; fileRef = 3BD85F692F272103004CEBDC /* DashboardViewModelTests.swift */; };
		3BD85F6E2F272794004CEBDC /* DashboardView.swift in Sources */ = {isa = PBXBuildFile; fileRef = 3BD85F6C2F272794004CEBDC /* DashboardView.swift */; };
		3BD85F6F2F272794004CEBDC /* StatCardView.swift in Sources */ = {isa = PBXBuildFile; fileRef = 3BD85F6D2F272794004CEBDC /* StatCardView.swift */; };
		3BD85F722F2749F3004CEBDC /* PostsListUITests.swift in Sources */ = {isa = PBXBuildFile; fileRef = 3BD85F712F2749F3004CEBDC /* PostsListUITests.swift */; };
		3BD85F732F2749F3004CEBDC /* DashboardUITests.swift in Sources */ = {isa = PBXBuildFile; fileRef = 3BD85F702F2749F3004CEBDC /* DashboardUITests.swift */; };
		3BD85F752F274D8D004CEBDC /* NetworkClient.swift in Sources */ = {isa = PBXBuildFile; fileRef = 3BD85F742F274D85004CEBDC /* NetworkClient.swift */; };
		3BD85F772F274DA0004CEBDC /* APIRequest.swift in Sources */ = {isa = PBXBuildFile; fileRef = 3BD85F762F274D9F004CEBDC /* APIRequest.swift */; };
		3BD85F792F274DA8004CEBDC /* NetworkError.swift in Sources */ = {isa = PBXBuildFile; fileRef = 3BD85F782F274DA7004CEBDC /* NetworkError.swift */; };
		3BD85F7B2F274DB3004CEBDC /* NetworkLogger.swift in Sources */ = {isa = PBXBuildFile; fileRef = 3BD85F7A2F274DB2004CEBDC /* NetworkLogger.swift */; };
		3BD85F812F274FAC004CEBDC /* PostsAPI.swift in Sources */ = {isa = PBXBuildFile; fileRef = 3BD85F802F274FA7004CEBDC /* PostsAPI.swift */; };
		3BD85F842F275FB1004CEBDC /* PostDTO.swift in Sources */ = {isa = PBXBuildFile; fileRef = 3BD85F832F275FB1004CEBDC /* PostDTO.swift */; };
		3BD85F872F276679004CEBDC /* PostsRemoteDataSource.swift in Sources */ = {isa = PBXBuildFile; fileRef = 3BD85F852F276679004CEBDC /* PostsRemoteDataSource.swift */; };
		3BD85F892F276EF2004CEBDC /* AnyEncodable.swift in Sources */ = {isa = PBXBuildFile; fileRef = 3BD85F882F276EF2004CEBDC /* AnyEncodable.swift */; };
		3BD85F8F2F2770A8004CEBDC /* PostsRemoteDataSourceTests.swift in Sources */ = {isa = PBXBuildFile; fileRef = 3BD85F8C2F2770A8004CEBDC /* PostsRemoteDataSourceTests.swift */; };
		3BD85F902F2770A8004CEBDC /* PostDTOTests.swift in Sources */ = {isa = PBXBuildFile; fileRef = 3BD85F8A2F2770A8004CEBDC /* PostDTOTests.swift */; };
/* End PBXBuildFile section */

/* Begin PBXContainerItemProxy section */
		3B70E5E92F245E810052E385 /* PBXContainerItemProxy */ = {
			isa = PBXContainerItemProxy;
			containerPortal = 3B70E5CA2F245E800052E385 /* Project object */;
			proxyType = 1;
			remoteGlobalIDString = 3B70E5D12F245E800052E385;
			remoteInfo = PostManager;
		};
		3B70E5F32F245E810052E385 /* PBXContainerItemProxy */ = {
			isa = PBXContainerItemProxy;
			containerPortal = 3B70E5CA2F245E800052E385 /* Project object */;
			proxyType = 1;
			remoteGlobalIDString = 3B70E5D12F245E800052E385;
			remoteInfo = PostManager;
		};
/* End PBXContainerItemProxy section */

/* Begin PBXFileReference section */
		3B70E5D22F245E800052E385 /* PostManager.app */ = {isa = PBXFileReference; explicitFileType = wrapper.application; includeInIndex = 0; path = PostManager.app; sourceTree = BUILT_PRODUCTS_DIR; };
		3B70E5E82F245E810052E385 /* PostManagerTests.xctest */ = {isa = PBXFileReference; explicitFileType = wrapper.cfbundle; includeInIndex = 0; path = PostManagerTests.xctest; sourceTree = BUILT_PRODUCTS_DIR; };
		3B70E5F22F245E810052E385 /* PostManagerUITests.xctest */ = {isa = PBXFileReference; explicitFileType = wrapper.cfbundle; includeInIndex = 0; path = PostManagerUITests.xctest; sourceTree = BUILT_PRODUCTS_DIR; };
		3B70E6062F245E890052E385 /* AppDelegate.swift */ = {isa = PBXFileReference; lastKnownFileType = sourcecode.swift; path = AppDelegate.swift; sourceTree = "<group>"; };
		3B70E6072F245E890052E385 /* Assets.xcassets */ = {isa = PBXFileReference; lastKnownFileType = folder.assetcatalog; path = Assets.xcassets; sourceTree = "<group>"; };
		3B70E6082F245E890052E385 /* Info.plist */ = {isa = PBXFileReference; lastKnownFileType = text.plist.xml; path = Info.plist; sourceTree = "<group>"; };
		3B70E6092F245E890052E385 /* Base */ = {isa = PBXFileReference; lastKnownFileType = file.storyboard; name = Base; path = Base.lproj/LaunchScreen.storyboard; sourceTree = "<group>"; };
		3B70E60B2F245E890052E385 /* Base */ = {isa = PBXFileReference; lastKnownFileType = file.storyboard; name = Base; path = Base.lproj/Main.storyboard; sourceTree = "<group>"; };
		3B70E60D2F245E890052E385 /* SceneDelegate.swift */ = {isa = PBXFileReference; lastKnownFileType = sourcecode.swift; path = SceneDelegate.swift; sourceTree = "<group>"; };
		3B993C2D2F24738B00C3387F /* Post.swift */ = {isa = PBXFileReference; lastKnownFileType = sourcecode.swift; path = Post.swift; sourceTree = "<group>"; };
		3B993C2E2F24738B00C3387F /* SyncStatus.swift */ = {isa = PBXFileReference; lastKnownFileType = sourcecode.swift; path = SyncStatus.swift; sourceTree = "<group>"; };
		3B993C312F2473AF00C3387F /* PostTests.swift */ = {isa = PBXFileReference; lastKnownFileType = sourcecode.swift; path = PostTests.swift; sourceTree = "<group>"; };
		3B993C322F2473AF00C3387F /* SyncStatusTests.swift */ = {isa = PBXFileReference; lastKnownFileType = sourcecode.swift; path = SyncStatusTests.swift; sourceTree = "<group>"; };
		3BD85EF12F24878A004CEBDC /* PostsRepository.swift */ = {isa = PBXFileReference; lastKnownFileType = sourcecode.swift; path = PostsRepository.swift; sourceTree = "<group>"; };
		3BD85EF42F248E46004CEBDC /* CreatePostUseCase.swift */ = {isa = PBXFileReference; lastKnownFileType = sourcecode.swift; path = CreatePostUseCase.swift; sourceTree = "<group>"; };
		3BD85EF52F248E46004CEBDC /* DeletePostUseCase.swift */ = {isa = PBXFileReference; lastKnownFileType = sourcecode.swift; path = DeletePostUseCase.swift; sourceTree = "<group>"; };
		3BD85EF62F248E46004CEBDC /* FetchDashboardUseCase.swift */ = {isa = PBXFileReference; lastKnownFileType = sourcecode.swift; path = FetchDashboardUseCase.swift; sourceTree = "<group>"; };
		3BD85EF72F248E46004CEBDC /* FetchPostsUseCase.swift */ = {isa = PBXFileReference; lastKnownFileType = sourcecode.swift; path = FetchPostsUseCase.swift; sourceTree = "<group>"; };
		3BD85EF82F248E46004CEBDC /* FetchPostUseCase.swift */ = {isa = PBXFileReference; lastKnownFileType = sourcecode.swift; path = FetchPostUseCase.swift; sourceTree = "<group>"; };
		3BD85EF92F248E46004CEBDC /* LoadMorePostsUseCase.swift */ = {isa = PBXFileReference; lastKnownFileType = sourcecode.swift; path = LoadMorePostsUseCase.swift; sourceTree = "<group>"; };
		3BD85EFA2F248E46004CEBDC /* SyncPostsUseCase.swift */ = {isa = PBXFileReference; lastKnownFileType = sourcecode.swift; path = SyncPostsUseCase.swift; sourceTree = "<group>"; };
		3BD85EFB2F248E46004CEBDC /* UpdatePostUseCase.swift */ = {isa = PBXFileReference; lastKnownFileType = sourcecode.swift; path = UpdatePostUseCase.swift; sourceTree = "<group>"; };
		3BD85F052F248E62004CEBDC /* DashboardSummary.swift */ = {isa = PBXFileReference; lastKnownFileType = sourcecode.swift; path = DashboardSummary.swift; sourceTree = "<group>"; };
		3BD85F072F248F1F004CEBDC /* DomainError.swift */ = {isa = PBXFileReference; lastKnownFileType = sourcecode.swift; path = DomainError.swift; sourceTree = "<group>"; };
		3BD85F1B2F24926A004CEBDC /* NetworkMonitor.swift */ = {isa = PBXFileReference; lastKnownFileType = sourcecode.swift; path = NetworkMonitor.swift; sourceTree = "<group>"; };
		3BD85F1D2F249515004CEBDC /* DashboardSummaryTests.swift */ = {isa = PBXFileReference; lastKnownFileType = sourcecode.swift; path = DashboardSummaryTests.swift; sourceTree = "<group>"; };
		3BD85F252F24972B004CEBDC /* FetchDashboardUseCaseTests.swift */ = {isa = PBXFileReference; lastKnownFileType = sourcecode.swift; path = FetchDashboardUseCaseTests.swift; sourceTree = "<group>"; };
		3BD85F262F24972B004CEBDC /* LoadMorePostsUseCaseTests.swift */ = {isa = PBXFileReference; lastKnownFileType = sourcecode.swift; path = LoadMorePostsUseCaseTests.swift; sourceTree = "<group>"; };
		3BD85F2E2F2499A3004CEBDC /* DashboardViewController.swift */ = {isa = PBXFileReference; lastKnownFileType = sourcecode.swift; path = DashboardViewController.swift; sourceTree = "<group>"; };
		3BD85F302F2499A3004CEBDC /* PostsListViewController.swift */ = {isa = PBXFileReference; lastKnownFileType = sourcecode.swift; path = PostsListViewController.swift; sourceTree = "<group>"; };
		3BD85F342F249C55004CEBDC /* AppDIContainer.swift */ = {isa = PBXFileReference; lastKnownFileType = sourcecode.swift; path = AppDIContainer.swift; sourceTree = "<group>"; };
		3BD85F372F249C92004CEBDC /* PostsBuilder.swift */ = {isa = PBXFileReference; lastKnownFileType = sourcecode.swift; path = PostsBuilder.swift; sourceTree = "<group>"; };
		3BD85F392F249C9A004CEBDC /* DashboardBuilder.swift */ = {isa = PBXFileReference; lastKnownFileType = sourcecode.swift; path = DashboardBuilder.swift; sourceTree = "<group>"; };
		3BD85F3B2F249E11004CEBDC /* AppDIContainer+BuilderFactory.swift */ = {isa = PBXFileReference; lastKnownFileType = sourcecode.swift; path = "AppDIContainer+BuilderFactory.swift"; sourceTree = "<group>"; };
		3BD85F3D2F249E4B004CEBDC /* NetworkMonitorImpl.swift */ = {isa = PBXFileReference; lastKnownFileType = sourcecode.swift; path = NetworkMonitorImpl.swift; sourceTree = "<group>"; };
		3BD85F3F2F249E4B004CEBDC /* PostsRepositoryImpl.swift */ = {isa = PBXFileReference; lastKnownFileType = sourcecode.swift; path = PostsRepositoryImpl.swift; sourceTree = "<group>"; };
		3BD85F432F249F50004CEBDC /* AppRouter.swift */ = {isa = PBXFileReference; lastKnownFileType = sourcecode.swift; path = AppRouter.swift; sourceTree = "<group>"; };
		3BD85F442F249F50004CEBDC /* Router.swift */ = {isa = PBXFileReference; lastKnownFileType = sourcecode.swift; path = Router.swift; sourceTree = "<group>"; };
		3BD85F482F24A1EE004CEBDC /* AppScreenFactory.swift */ = {isa = PBXFileReference; lastKnownFileType = sourcecode.swift; path = AppScreenFactory.swift; sourceTree = "<group>"; };
		3BD85F4B2F26FF25004CEBDC /* PostsListViewModel.swift */ = {isa = PBXFileReference; lastKnownFileType = sourcecode.swift; path = PostsListViewModel.swift; sourceTree = "<group>"; };
		3BD85F582F2703EA004CEBDC /* PostsListViewModelTests.swift */ = {isa = PBXFileReference; lastKnownFileType = sourcecode.swift; path = PostsListViewModelTests.swift; sourceTree = "<group>"; };
		3BD85F632F271645004CEBDC /* PostCell.swift */ = {isa = PBXFileReference; lastKnownFileType = sourcecode.swift; path = PostCell.swift; sourceTree = "<group>"; };
		3BD85F642F271645004CEBDC /* PostsListView.swift */ = {isa = PBXFileReference; lastKnownFileType = sourcecode.swift; path = PostsListView.swift; sourceTree = "<group>"; };
		3BD85F672F271EBE004CEBDC /* DashboardViewModel.swift */ = {isa = PBXFileReference; lastKnownFileType = sourcecode.swift; path = DashboardViewModel.swift; sourceTree = "<group>"; };
		3BD85F692F272103004CEBDC /* DashboardViewModelTests.swift */ = {isa = PBXFileReference; lastKnownFileType = sourcecode.swift; path = DashboardViewModelTests.swift; sourceTree = "<group>"; };
		3BD85F6C2F272794004CEBDC /* DashboardView.swift */ = {isa = PBXFileReference; lastKnownFileType = sourcecode.swift; path = DashboardView.swift; sourceTree = "<group>"; };
		3BD85F6D2F272794004CEBDC /* StatCardView.swift */ = {isa = PBXFileReference; lastKnownFileType = sourcecode.swift; path = StatCardView.swift; sourceTree = "<group>"; };
		3BD85F702F2749F3004CEBDC /* DashboardUITests.swift */ = {isa = PBXFileReference; lastKnownFileType = sourcecode.swift; path = DashboardUITests.swift; sourceTree = "<group>"; };
		3BD85F712F2749F3004CEBDC /* PostsListUITests.swift */ = {isa = PBXFileReference; lastKnownFileType = sourcecode.swift; path = PostsListUITests.swift; sourceTree = "<group>"; };
		3BD85F742F274D85004CEBDC /* NetworkClient.swift */ = {isa = PBXFileReference; lastKnownFileType = sourcecode.swift; path = NetworkClient.swift; sourceTree = "<group>"; };
		3BD85F762F274D9F004CEBDC /* APIRequest.swift */ = {isa = PBXFileReference; lastKnownFileType = sourcecode.swift; path = APIRequest.swift; sourceTree = "<group>"; };
		3BD85F782F274DA7004CEBDC /* NetworkError.swift */ = {isa = PBXFileReference; lastKnownFileType = sourcecode.swift; path = NetworkError.swift; sourceTree = "<group>"; };
		3BD85F7A2F274DB2004CEBDC /* NetworkLogger.swift */ = {isa = PBXFileReference; lastKnownFileType = sourcecode.swift; path = NetworkLogger.swift; sourceTree = "<group>"; };
		3BD85F802F274FA7004CEBDC /* PostsAPI.swift */ = {isa = PBXFileReference; lastKnownFileType = sourcecode.swift; path = PostsAPI.swift; sourceTree = "<group>"; };
		3BD85F832F275FB1004CEBDC /* PostDTO.swift */ = {isa = PBXFileReference; lastKnownFileType = sourcecode.swift; path = PostDTO.swift; sourceTree = "<group>"; };
		3BD85F852F276679004CEBDC /* PostsRemoteDataSource.swift */ = {isa = PBXFileReference; lastKnownFileType = sourcecode.swift; path = PostsRemoteDataSource.swift; sourceTree = "<group>"; };
		3BD85F882F276EF2004CEBDC /* AnyEncodable.swift */ = {isa = PBXFileReference; lastKnownFileType = sourcecode.swift; path = AnyEncodable.swift; sourceTree = "<group>"; };
		3BD85F8A2F2770A8004CEBDC /* PostDTOTests.swift */ = {isa = PBXFileReference; lastKnownFileType = sourcecode.swift; path = PostDTOTests.swift; sourceTree = "<group>"; };
		3BD85F8C2F2770A8004CEBDC /* PostsRemoteDataSourceTests.swift */ = {isa = PBXFileReference; lastKnownFileType = sourcecode.swift; path = PostsRemoteDataSourceTests.swift; sourceTree = "<group>"; };
/* End PBXFileReference section */

/* Begin PBXFrameworksBuildPhase section */
		3B70E5CF2F245E800052E385 /* Frameworks */ = {
			isa = PBXFrameworksBuildPhase;
			buildActionMask = 2147483647;
			files = (
				3BD85F5E2F270683004CEBDC /* RxCocoa in Frameworks */,
				3BD85F542F26FF72004CEBDC /* SnapKit in Frameworks */,
				3BD85F602F270683004CEBDC /* RxSwift in Frameworks */,
				3BD85F572F26FF89004CEBDC /* Then in Frameworks */,
			);
			runOnlyForDeploymentPostprocessing = 0;
		};
		3B70E5E52F245E810052E385 /* Frameworks */ = {
			isa = PBXFrameworksBuildPhase;
			buildActionMask = 2147483647;
			files = (
				3BD85F622F270683004CEBDC /* RxTest in Frameworks */,
			);
			runOnlyForDeploymentPostprocessing = 0;
		};
		3B70E5EF2F245E810052E385 /* Frameworks */ = {
			isa = PBXFrameworksBuildPhase;
			buildActionMask = 2147483647;
			files = (
			);
			runOnlyForDeploymentPostprocessing = 0;
		};
/* End PBXFrameworksBuildPhase section */

/* Begin PBXGroup section */
		3B70E5C92F245E800052E385 = {
			isa = PBXGroup;
			children = (
				3B70E60F2F245E890052E385 /* PostManager */,
				3B70E6182F245E8C0052E385 /* PostManagerTests */,
				3B70E61C2F245E8E0052E385 /* PostManagerUITests */,
				3B70E5D32F245E800052E385 /* Products */,
			);
			sourceTree = "<group>";
		};
		3B70E5D32F245E800052E385 /* Products */ = {
			isa = PBXGroup;
			children = (
				3B70E5D22F245E800052E385 /* PostManager.app */,
				3B70E5E82F245E810052E385 /* PostManagerTests.xctest */,
				3B70E5F22F245E810052E385 /* PostManagerUITests.xctest */,
			);
			name = Products;
			sourceTree = "<group>";
		};
		3B70E60F2F245E890052E385 /* PostManager */ = {
			isa = PBXGroup;
			children = (
				3B70E6082F245E890052E385 /* Info.plist */,
				3B70E6212F2460810052E385 /* App */,
				3B70E6222F2460850052E385 /* Presentation */,
				3B70E6232F2460910052E385 /* Domain */,
				3B70E6242F2460950052E385 /* Data */,
				3B70E6252F24609D0052E385 /* Resources */,
			);
			path = PostManager;
			sourceTree = "<group>";
		};
		3B70E6182F245E8C0052E385 /* PostManagerTests */ = {
			isa = PBXGroup;
			children = (
				3BD85F8E2F2770A8004CEBDC /* Data */,
				3BD85F5A2F2703EA004CEBDC /* Presentation */,
				3B993C332F2473AF00C3387F /* Domain */,
			);
			path = PostManagerTests;
			sourceTree = "<group>";
		};
		3B70E61C2F245E8E0052E385 /* PostManagerUITests */ = {
			isa = PBXGroup;
			children = (
				3BD85F702F2749F3004CEBDC /* DashboardUITests.swift */,
				3BD85F712F2749F3004CEBDC /* PostsListUITests.swift */,
			);
			path = PostManagerUITests;
			sourceTree = "<group>";
		};
		3B70E6212F2460810052E385 /* App */ = {
			isa = PBXGroup;
			children = (
				3B70E6062F245E890052E385 /* AppDelegate.swift */,
				3B70E60D2F245E890052E385 /* SceneDelegate.swift */,
				3B70E60A2F245E890052E385 /* LaunchScreen.storyboard */,
				3B70E60C2F245E890052E385 /* Main.storyboard */,
				3BD85F452F249F50004CEBDC /* Router */,
				3BD85F492F24A1EE004CEBDC /* Factory */,
				3BD85F352F249C55004CEBDC /* DIContainer */,
			);
			path = App;
			sourceTree = "<group>";
		};
		3B70E6222F2460850052E385 /* Presentation */ = {
			isa = PBXGroup;
			children = (
				3BD85F2F2F2499A3004CEBDC /* Dashboard */,
				3BD85F312F2499A3004CEBDC /* Posts */,
			);
			path = Presentation;
			sourceTree = "<group>";
		};
		3B70E6232F2460910052E385 /* Domain */ = {
			isa = PBXGroup;
			children = (
				3BD85EFC2F248E46004CEBDC /* UseCases */,
				3BD85EF22F24878A004CEBDC /* Repositories */,
				3BD85F082F248F1F004CEBDC /* Errors */,
				3B993C2C2F24737C00C3387F /* Entities */,
			);
			path = Domain;
			sourceTree = "<group>";
		};
		3B70E6242F2460950052E385 /* Data */ = {
			isa = PBXGroup;
			children = (
				3BD85F862F276679004CEBDC /* DataSources */,
				3BD85F7F2F274F5E004CEBDC /* API */,
				3BD85F3E2F249E4B004CEBDC /* Network */,
				3BD85F402F249E4B004CEBDC /* Repositories */,
				3BD85F7C2F274E76004CEBDC /* DataSources */,
			);
			path = Data;
			sourceTree = "<group>";
		};
		3B70E6252F24609D0052E385 /* Resources */ = {
			isa = PBXGroup;
			children = (
				3B70E6072F245E890052E385 /* Assets.xcassets */,
			);
			path = Resources;
			sourceTree = "<group>";
		};
		3B993C2C2F24737C00C3387F /* Entities */ = {
			isa = PBXGroup;
			children = (
				3B993C2D2F24738B00C3387F /* Post.swift */,
				3B993C2E2F24738B00C3387F /* SyncStatus.swift */,
				3BD85F052F248E62004CEBDC /* DashboardSummary.swift */,
			);
			path = Entities;
			sourceTree = "<group>";
		};
		3B993C332F2473AF00C3387F /* Domain */ = {
			isa = PBXGroup;
			children = (
				3BD85F1E2F249515004CEBDC /* Entities */,
				3BD85F212F249515004CEBDC /* UseCases */,
			);
			path = Domain;
			sourceTree = "<group>";
		};
		3BD85EF22F24878A004CEBDC /* Repositories */ = {
			isa = PBXGroup;
			children = (
				3BD85EF12F24878A004CEBDC /* PostsRepository.swift */,
				3BD85F1B2F24926A004CEBDC /* NetworkMonitor.swift */,
			);
			path = Repositories;
			sourceTree = "<group>";
		};
		3BD85EFC2F248E46004CEBDC /* UseCases */ = {
			isa = PBXGroup;
			children = (
				3BD85EF72F248E46004CEBDC /* FetchPostsUseCase.swift */,
				3BD85EF92F248E46004CEBDC /* LoadMorePostsUseCase.swift */,
				3BD85EF82F248E46004CEBDC /* FetchPostUseCase.swift */,
				3BD85EF42F248E46004CEBDC /* CreatePostUseCase.swift */,
				3BD85EFB2F248E46004CEBDC /* UpdatePostUseCase.swift */,
				3BD85EF52F248E46004CEBDC /* DeletePostUseCase.swift */,
				3BD85EF62F248E46004CEBDC /* FetchDashboardUseCase.swift */,
				3BD85EFA2F248E46004CEBDC /* SyncPostsUseCase.swift */,
			);
			path = UseCases;
			sourceTree = "<group>";
		};
		3BD85F082F248F1F004CEBDC /* Errors */ = {
			isa = PBXGroup;
			children = (
				3BD85F072F248F1F004CEBDC /* DomainError.swift */,
			);
			path = Errors;
			sourceTree = "<group>";
		};
		3BD85F1E2F249515004CEBDC /* Entities */ = {
			isa = PBXGroup;
			children = (
				3BD85F1D2F249515004CEBDC /* DashboardSummaryTests.swift */,
				3B993C312F2473AF00C3387F /* PostTests.swift */,
				3B993C322F2473AF00C3387F /* SyncStatusTests.swift */,
			);
			path = Entities;
			sourceTree = "<group>";
		};
		3BD85F212F249515004CEBDC /* UseCases */ = {
			isa = PBXGroup;
			children = (
				3BD85F252F24972B004CEBDC /* FetchDashboardUseCaseTests.swift */,
				3BD85F262F24972B004CEBDC /* LoadMorePostsUseCaseTests.swift */,
			);
			path = UseCases;
			sourceTree = "<group>";
		};
		3BD85F2F2F2499A3004CEBDC /* Dashboard */ = {
			isa = PBXGroup;
			children = (
				3BD85F392F249C9A004CEBDC /* DashboardBuilder.swift */,
				3BD85F672F271EBE004CEBDC /* DashboardViewModel.swift */,
				3BD85F2E2F2499A3004CEBDC /* DashboardViewController.swift */,
				3BD85F6C2F272794004CEBDC /* DashboardView.swift */,
				3BD85F6D2F272794004CEBDC /* StatCardView.swift */,
			);
			path = Dashboard;
			sourceTree = "<group>";
		};
		3BD85F312F2499A3004CEBDC /* Posts */ = {
			isa = PBXGroup;
			children = (
				3BD85F372F249C92004CEBDC /* PostsBuilder.swift */,
				3BD85F4B2F26FF25004CEBDC /* PostsListViewModel.swift */,
				3BD85F302F2499A3004CEBDC /* PostsListViewController.swift */,
				3BD85F642F271645004CEBDC /* PostsListView.swift */,
				3BD85F632F271645004CEBDC /* PostCell.swift */,
			);
			path = Posts;
			sourceTree = "<group>";
		};
		3BD85F352F249C55004CEBDC /* DIContainer */ = {
			isa = PBXGroup;
			children = (
				3BD85F342F249C55004CEBDC /* AppDIContainer.swift */,
				3BD85F3B2F249E11004CEBDC /* AppDIContainer+BuilderFactory.swift */,
			);
			path = DIContainer;
			sourceTree = "<group>";
		};
		3BD85F3E2F249E4B004CEBDC /* Network */ = {
			isa = PBXGroup;
			children = (
				3BD85F3D2F249E4B004CEBDC /* NetworkMonitorImpl.swift */,
				3BD85F742F274D85004CEBDC /* NetworkClient.swift */,
				3BD85F782F274DA7004CEBDC /* NetworkError.swift */,
				3BD85F7A2F274DB2004CEBDC /* NetworkLogger.swift */,
				3BD85F762F274D9F004CEBDC /* APIRequest.swift */,
				3BD85F882F276EF2004CEBDC /* AnyEncodable.swift */,
			);
			path = Network;
			sourceTree = "<group>";
		};
		3BD85F402F249E4B004CEBDC /* Repositories */ = {
			isa = PBXGroup;
			children = (
				3BD85F3F2F249E4B004CEBDC /* PostsRepositoryImpl.swift */,
			);
			path = Repositories;
			sourceTree = "<group>";
		};
		3BD85F452F249F50004CEBDC /* Router */ = {
			isa = PBXGroup;
			children = (
				3BD85F442F249F50004CEBDC /* Router.swift */,
				3BD85F432F249F50004CEBDC /* AppRouter.swift */,
			);
			path = Router;
			sourceTree = "<group>";
		};
		3BD85F492F24A1EE004CEBDC /* Factory */ = {
			isa = PBXGroup;
			children = (
				3BD85F482F24A1EE004CEBDC /* AppScreenFactory.swift */,
			);
			path = Factory;
			sourceTree = "<group>";
		};
		3BD85F592F2703EA004CEBDC /* Posts */ = {
			isa = PBXGroup;
			children = (
				3BD85F582F2703EA004CEBDC /* PostsListViewModelTests.swift */,
			);
			path = Posts;
			sourceTree = "<group>";
		};
		3BD85F5A2F2703EA004CEBDC /* Presentation */ = {
			isa = PBXGroup;
			children = (
				3BD85F592F2703EA004CEBDC /* Posts */,
				3BD85F6A2F272103004CEBDC /* Dashboard */,
			);
			path = Presentation;
			sourceTree = "<group>";
		};
		3BD85F6A2F272103004CEBDC /* Dashboard */ = {
			isa = PBXGroup;
			children = (
				3BD85F692F272103004CEBDC /* DashboardViewModelTests.swift */,
			);
			path = Dashboard;
			sourceTree = "<group>";
		};
		3BD85F7C2F274E76004CEBDC /* DataSources */ = {
			isa = PBXGroup;
			children = (
			);
			path = DataSources;
			sourceTree = "<group>";
		};
		3BD85F7F2F274F5E004CEBDC /* API */ = {
			isa = PBXGroup;
			children = (
				3BD85F832F275FB1004CEBDC /* PostDTO.swift */,
				3BD85F802F274FA7004CEBDC /* PostsAPI.swift */,
			);
			path = API;
			sourceTree = "<group>";
		};
		3BD85F862F276679004CEBDC /* DataSources */ = {
			isa = PBXGroup;
			children = (
				3BD85F852F276679004CEBDC /* PostsRemoteDataSource.swift */,
			);
			path = DataSources;
			sourceTree = "<group>";
		};
		3BD85F8B2F2770A8004CEBDC /* API */ = {
			isa = PBXGroup;
			children = (
				3BD85F8A2F2770A8004CEBDC /* PostDTOTests.swift */,
			);
			path = API;
			sourceTree = "<group>";
		};
		3BD85F8D2F2770A8004CEBDC /* DataSources */ = {
			isa = PBXGroup;
			children = (
				3BD85F8C2F2770A8004CEBDC /* PostsRemoteDataSourceTests.swift */,
			);
			path = DataSources;
			sourceTree = "<group>";
		};
		3BD85F8E2F2770A8004CEBDC /* Data */ = {
			isa = PBXGroup;
			children = (
				3BD85F8B2F2770A8004CEBDC /* API */,
				3BD85F8D2F2770A8004CEBDC /* DataSources */,
			);
			path = Data;
			sourceTree = "<group>";
		};
/* End PBXGroup section */

/* Begin PBXNativeTarget section */
		3B70E5D12F245E800052E385 /* PostManager */ = {
			isa = PBXNativeTarget;
			buildConfigurationList = 3B70E5FB2F245E810052E385 /* Build configuration list for PBXNativeTarget "PostManager" */;
			buildPhases = (
				3B70E5CE2F245E800052E385 /* Sources */,
				3B70E5CF2F245E800052E385 /* Frameworks */,
				3B70E5D02F245E800052E385 /* Resources */,
			);
			buildRules = (
			);
			dependencies = (
			);
			name = PostManager;
			packageProductDependencies = (
				3BD85F532F26FF72004CEBDC /* SnapKit */,
				3BD85F562F26FF89004CEBDC /* Then */,
				3BD85F5D2F270683004CEBDC /* RxCocoa */,
				3BD85F5F2F270683004CEBDC /* RxSwift */,
			);
			productName = PostManager;
			productReference = 3B70E5D22F245E800052E385 /* PostManager.app */;
			productType = "com.apple.product-type.application";
		};
		3B70E5E72F245E810052E385 /* PostManagerTests */ = {
			isa = PBXNativeTarget;
			buildConfigurationList = 3B70E6002F245E810052E385 /* Build configuration list for PBXNativeTarget "PostManagerTests" */;
			buildPhases = (
				3B70E5E42F245E810052E385 /* Sources */,
				3B70E5E52F245E810052E385 /* Frameworks */,
				3B70E5E62F245E810052E385 /* Resources */,
			);
			buildRules = (
			);
			dependencies = (
				3B70E5EA2F245E810052E385 /* PBXTargetDependency */,
			);
			name = PostManagerTests;
			packageProductDependencies = (
				3BD85F612F270683004CEBDC /* RxTest */,
			);
			productName = PostManagerTests;
			productReference = 3B70E5E82F245E810052E385 /* PostManagerTests.xctest */;
			productType = "com.apple.product-type.bundle.unit-test";
		};
		3B70E5F12F245E810052E385 /* PostManagerUITests */ = {
			isa = PBXNativeTarget;
			buildConfigurationList = 3B70E6032F245E810052E385 /* Build configuration list for PBXNativeTarget "PostManagerUITests" */;
			buildPhases = (
				3B70E5EE2F245E810052E385 /* Sources */,
				3B70E5EF2F245E810052E385 /* Frameworks */,
				3B70E5F02F245E810052E385 /* Resources */,
			);
			buildRules = (
			);
			dependencies = (
				3B70E5F42F245E810052E385 /* PBXTargetDependency */,
			);
			name = PostManagerUITests;
			packageProductDependencies = (
			);
			productName = PostManagerUITests;
			productReference = 3B70E5F22F245E810052E385 /* PostManagerUITests.xctest */;
			productType = "com.apple.product-type.bundle.ui-testing";
		};
/* End PBXNativeTarget section */

/* Begin PBXProject section */
		3B70E5CA2F245E800052E385 /* Project object */ = {
			isa = PBXProject;
			attributes = {
				BuildIndependentTargetsInParallel = 1;
				LastSwiftUpdateCheck = 2620;
				LastUpgradeCheck = 2620;
				TargetAttributes = {
					3B70E5D12F245E800052E385 = {
						CreatedOnToolsVersion = 26.2;
					};
					3B70E5E72F245E810052E385 = {
						CreatedOnToolsVersion = 26.2;
						TestTargetID = 3B70E5D12F245E800052E385;
					};
					3B70E5F12F245E810052E385 = {
						CreatedOnToolsVersion = 26.2;
						TestTargetID = 3B70E5D12F245E800052E385;
					};
				};
			};
			buildConfigurationList = 3B70E5CD2F245E800052E385 /* Build configuration list for PBXProject "PostManager" */;
			developmentRegion = en;
			hasScannedForEncodings = 0;
			knownRegions = (
				en,
				Base,
			);
			mainGroup = 3B70E5C92F245E800052E385;
			minimizedProjectReferenceProxies = 1;
			packageReferences = (
				3BD85F522F26FF72004CEBDC /* XCRemoteSwiftPackageReference "SnapKit" */,
				3BD85F552F26FF89004CEBDC /* XCRemoteSwiftPackageReference "Then" */,
				3BD85F5C2F270683004CEBDC /* XCRemoteSwiftPackageReference "RxSwift" */,
			);
			preferredProjectObjectVersion = 77;
			productRefGroup = 3B70E5D32F245E800052E385 /* Products */;
			projectDirPath = "";
			projectRoot = "";
			targets = (
				3B70E5D12F245E800052E385 /* PostManager */,
				3B70E5E72F245E810052E385 /* PostManagerTests */,
				3B70E5F12F245E810052E385 /* PostManagerUITests */,
			);
		};
/* End PBXProject section */

/* Begin PBXResourcesBuildPhase section */
		3B70E5D02F245E800052E385 /* Resources */ = {
			isa = PBXResourcesBuildPhase;
			buildActionMask = 2147483647;
			files = (
				3B70E6132F245E890052E385 /* Assets.xcassets in Resources */,
				3B70E6152F245E890052E385 /* LaunchScreen.storyboard in Resources */,
				3B70E6162F245E890052E385 /* Main.storyboard in Resources */,
			);
			runOnlyForDeploymentPostprocessing = 0;
		};
		3B70E5E62F245E810052E385 /* Resources */ = {
			isa = PBXResourcesBuildPhase;
			buildActionMask = 2147483647;
			files = (
			);
			runOnlyForDeploymentPostprocessing = 0;
		};
		3B70E5F02F245E810052E385 /* Resources */ = {
			isa = PBXResourcesBuildPhase;
			buildActionMask = 2147483647;
			files = (
			);
			runOnlyForDeploymentPostprocessing = 0;
		};
/* End PBXResourcesBuildPhase section */

/* Begin PBXSourcesBuildPhase section */
		3B70E5CE2F245E800052E385 /* Sources */ = {
			isa = PBXSourcesBuildPhase;
			buildActionMask = 2147483647;
			files = (
				3BD85F812F274FAC004CEBDC /* PostsAPI.swift in Sources */,
				3BD85F382F249C92004CEBDC /* PostsBuilder.swift in Sources */,
				3BD85F362F249C55004CEBDC /* AppDIContainer.swift in Sources */,
				3B70E6102F245E890052E385 /* AppDelegate.swift in Sources */,
				3BD85EFD2F248E46004CEBDC /* FetchPostUseCase.swift in Sources */,
				3BD85F652F271645004CEBDC /* PostsListView.swift in Sources */,
				3BD85F872F276679004CEBDC /* PostsRemoteDataSource.swift in Sources */,
				3BD85F662F271645004CEBDC /* PostCell.swift in Sources */,
				3BD85EFE2F248E46004CEBDC /* FetchPostsUseCase.swift in Sources */,
				3BD85EFF2F248E46004CEBDC /* DeletePostUseCase.swift in Sources */,
				3BD85F772F274DA0004CEBDC /* APIRequest.swift in Sources */,
				3BD85F002F248E46004CEBDC /* LoadMorePostsUseCase.swift in Sources */,
				3BD85F012F248E46004CEBDC /* SyncPostsUseCase.swift in Sources */,
				3BD85F022F248E46004CEBDC /* UpdatePostUseCase.swift in Sources */,
				3BD85F322F2499A3004CEBDC /* PostsListViewController.swift in Sources */,
				3BD85F892F276EF2004CEBDC /* AnyEncodable.swift in Sources */,
				3BD85F332F2499A3004CEBDC /* DashboardViewController.swift in Sources */,
				3BD85F682F271EBE004CEBDC /* DashboardViewModel.swift in Sources */,
				3BD85F032F248E46004CEBDC /* CreatePostUseCase.swift in Sources */,
				3BD85F6E2F272794004CEBDC /* DashboardView.swift in Sources */,
				3BD85F6F2F272794004CEBDC /* StatCardView.swift in Sources */,
				3BD85F462F249F50004CEBDC /* Router.swift in Sources */,
				3BD85F472F249F50004CEBDC /* AppRouter.swift in Sources */,
				3BD85F1C2F24926A004CEBDC /* NetworkMonitor.swift in Sources */,
				3BD85F042F248E46004CEBDC /* FetchDashboardUseCase.swift in Sources */,
				3B70E6112F245E890052E385 /* SceneDelegate.swift in Sources */,
				3BD85F3C2F249E11004CEBDC /* AppDIContainer+BuilderFactory.swift in Sources */,
				3BD85F4A2F24A1EE004CEBDC /* AppScreenFactory.swift in Sources */,
				3BD85F412F249E4B004CEBDC /* PostsRepositoryImpl.swift in Sources */,
				3BD85F752F274D8D004CEBDC /* NetworkClient.swift in Sources */,
				3BD85F4C2F26FF25004CEBDC /* PostsListViewModel.swift in Sources */,
				3BD85F422F249E4B004CEBDC /* NetworkMonitorImpl.swift in Sources */,
				3BD85F062F248E64004CEBDC /* DashboardSummary.swift in Sources */,
				3BD85F842F275FB1004CEBDC /* PostDTO.swift in Sources */,
				3BD85F3A2F249C9A004CEBDC /* DashboardBuilder.swift in Sources */,
				3BD85EF32F24878A004CEBDC /* PostsRepository.swift in Sources */,
				3B993C2F2F24738B00C3387F /* SyncStatus.swift in Sources */,
				3BD85F7B2F274DB3004CEBDC /* NetworkLogger.swift in Sources */,
				3BD85F792F274DA8004CEBDC /* NetworkError.swift in Sources */,
				3BD85F092F248F1F004CEBDC /* DomainError.swift in Sources */,
				3B993C302F24738B00C3387F /* Post.swift in Sources */,
			);
			runOnlyForDeploymentPostprocessing = 0;
		};
		3B70E5E42F245E810052E385 /* Sources */ = {
			isa = PBXSourcesBuildPhase;
			buildActionMask = 2147483647;
			files = (
				3BD85F272F24972B004CEBDC /* FetchDashboardUseCaseTests.swift in Sources */,
				3BD85F8F2F2770A8004CEBDC /* PostsRemoteDataSourceTests.swift in Sources */,
				3BD85F902F2770A8004CEBDC /* PostDTOTests.swift in Sources */,
				3BD85F282F24972B004CEBDC /* LoadMorePostsUseCaseTests.swift in Sources */,
				3B993C342F2473AF00C3387F /* PostTests.swift in Sources */,
				3B993C352F2473AF00C3387F /* SyncStatusTests.swift in Sources */,
				3BD85F5B2F2703EA004CEBDC /* PostsListViewModelTests.swift in Sources */,
				3BD85F6B2F272103004CEBDC /* DashboardViewModelTests.swift in Sources */,
				3BD85F232F249515004CEBDC /* DashboardSummaryTests.swift in Sources */,
			);
			runOnlyForDeploymentPostprocessing = 0;
		};
		3B70E5EE2F245E810052E385 /* Sources */ = {
			isa = PBXSourcesBuildPhase;
			buildActionMask = 2147483647;
			files = (
				3BD85F722F2749F3004CEBDC /* PostsListUITests.swift in Sources */,
				3BD85F732F2749F3004CEBDC /* DashboardUITests.swift in Sources */,
			);
			runOnlyForDeploymentPostprocessing = 0;
		};
/* End PBXSourcesBuildPhase section */

/* Begin PBXTargetDependency section */
		3B70E5EA2F245E810052E385 /* PBXTargetDependency */ = {
			isa = PBXTargetDependency;
			target = 3B70E5D12F245E800052E385 /* PostManager */;
			targetProxy = 3B70E5E92F245E810052E385 /* PBXContainerItemProxy */;
		};
		3B70E5F42F245E810052E385 /* PBXTargetDependency */ = {
			isa = PBXTargetDependency;
			target = 3B70E5D12F245E800052E385 /* PostManager */;
			targetProxy = 3B70E5F32F245E810052E385 /* PBXContainerItemProxy */;
		};
/* End PBXTargetDependency section */

/* Begin PBXVariantGroup section */
		3B70E60A2F245E890052E385 /* LaunchScreen.storyboard */ = {
			isa = PBXVariantGroup;
			children = (
				3B70E6092F245E890052E385 /* Base */,
			);
			name = LaunchScreen.storyboard;
			sourceTree = "<group>";
		};
		3B70E60C2F245E890052E385 /* Main.storyboard */ = {
			isa = PBXVariantGroup;
			children = (
				3B70E60B2F245E890052E385 /* Base */,
			);
			name = Main.storyboard;
			sourceTree = "<group>";
		};
/* End PBXVariantGroup section */

/* Begin XCBuildConfiguration section */
		3B70E5FC2F245E810052E385 /* Debug */ = {
			isa = XCBuildConfiguration;
			buildSettings = {
				ASSETCATALOG_COMPILER_APPICON_NAME = AppIcon;
				ASSETCATALOG_COMPILER_GLOBAL_ACCENT_COLOR_NAME = AccentColor;
				CODE_SIGN_STYLE = Automatic;
				CURRENT_PROJECT_VERSION = 1;
				DEVELOPMENT_TEAM = 7ZGFAWH8RN;
				GENERATE_INFOPLIST_FILE = YES;
				INFOPLIST_FILE = PostManager/Info.plist;
				INFOPLIST_KEY_UIApplicationSupportsIndirectInputEvents = YES;
				INFOPLIST_KEY_UILaunchStoryboardName = LaunchScreen;
				INFOPLIST_KEY_UIMainStoryboardFile = Main;
				INFOPLIST_KEY_UISupportedInterfaceOrientations_iPad = "UIInterfaceOrientationPortrait UIInterfaceOrientationPortraitUpsideDown UIInterfaceOrientationLandscapeLeft UIInterfaceOrientationLandscapeRight";
				INFOPLIST_KEY_UISupportedInterfaceOrientations_iPhone = "UIInterfaceOrientationPortrait UIInterfaceOrientationLandscapeLeft UIInterfaceOrientationLandscapeRight";
				LD_RUNPATH_SEARCH_PATHS = (
					"$(inherited)",
					"@executable_path/Frameworks",
				);
				MARKETING_VERSION = 1.0;
				PRODUCT_BUNDLE_IDENTIFIER = com.annyeongjelly.PostManager;
				PRODUCT_NAME = "$(TARGET_NAME)";
				STRING_CATALOG_GENERATE_SYMBOLS = YES;
				SWIFT_APPROACHABLE_CONCURRENCY = YES;
				SWIFT_DEFAULT_ACTOR_ISOLATION = MainActor;
				SWIFT_EMIT_LOC_STRINGS = YES;
				SWIFT_UPCOMING_FEATURE_MEMBER_IMPORT_VISIBILITY = YES;
				SWIFT_VERSION = 5.0;
				TARGETED_DEVICE_FAMILY = "1,2";
			};
			name = Debug;
		};
		3B70E5FD2F245E810052E385 /* Release */ = {
			isa = XCBuildConfiguration;
			buildSettings = {
				ASSETCATALOG_COMPILER_APPICON_NAME = AppIcon;
				ASSETCATALOG_COMPILER_GLOBAL_ACCENT_COLOR_NAME = AccentColor;
				CODE_SIGN_STYLE = Automatic;
				CURRENT_PROJECT_VERSION = 1;
				DEVELOPMENT_TEAM = 7ZGFAWH8RN;
				GENERATE_INFOPLIST_FILE = YES;
				INFOPLIST_FILE = PostManager/Info.plist;
				INFOPLIST_KEY_UIApplicationSupportsIndirectInputEvents = YES;
				INFOPLIST_KEY_UILaunchStoryboardName = LaunchScreen;
				INFOPLIST_KEY_UIMainStoryboardFile = Main;
				INFOPLIST_KEY_UISupportedInterfaceOrientations_iPad = "UIInterfaceOrientationPortrait UIInterfaceOrientationPortraitUpsideDown UIInterfaceOrientationLandscapeLeft UIInterfaceOrientationLandscapeRight";
				INFOPLIST_KEY_UISupportedInterfaceOrientations_iPhone = "UIInterfaceOrientationPortrait UIInterfaceOrientationLandscapeLeft UIInterfaceOrientationLandscapeRight";
				LD_RUNPATH_SEARCH_PATHS = (
					"$(inherited)",
					"@executable_path/Frameworks",
				);
				MARKETING_VERSION = 1.0;
				PRODUCT_BUNDLE_IDENTIFIER = com.annyeongjelly.PostManager;
				PRODUCT_NAME = "$(TARGET_NAME)";
				STRING_CATALOG_GENERATE_SYMBOLS = YES;
				SWIFT_APPROACHABLE_CONCURRENCY = YES;
				SWIFT_DEFAULT_ACTOR_ISOLATION = MainActor;
				SWIFT_EMIT_LOC_STRINGS = YES;
				SWIFT_UPCOMING_FEATURE_MEMBER_IMPORT_VISIBILITY = YES;
				SWIFT_VERSION = 5.0;
				TARGETED_DEVICE_FAMILY = "1,2";
			};
			name = Release;
		};
		3B70E5FE2F245E810052E385 /* Debug */ = {
			isa = XCBuildConfiguration;
			buildSettings = {
				ALWAYS_SEARCH_USER_PATHS = NO;
				ASSETCATALOG_COMPILER_GENERATE_SWIFT_ASSET_SYMBOL_EXTENSIONS = YES;
				CLANG_ANALYZER_NONNULL = YES;
				CLANG_ANALYZER_NUMBER_OBJECT_CONVERSION = YES_AGGRESSIVE;
				CLANG_CXX_LANGUAGE_STANDARD = "gnu++20";
				CLANG_ENABLE_MODULES = YES;
				CLANG_ENABLE_OBJC_ARC = YES;
				CLANG_ENABLE_OBJC_WEAK = YES;
				CLANG_WARN_BLOCK_CAPTURE_AUTORELEASING = YES;
				CLANG_WARN_BOOL_CONVERSION = YES;
				CLANG_WARN_COMMA = YES;
				CLANG_WARN_CONSTANT_CONVERSION = YES;
				CLANG_WARN_DEPRECATED_OBJC_IMPLEMENTATIONS = YES;
				CLANG_WARN_DIRECT_OBJC_ISA_USAGE = YES_ERROR;
				CLANG_WARN_DOCUMENTATION_COMMENTS = YES;
				CLANG_WARN_EMPTY_BODY = YES;
				CLANG_WARN_ENUM_CONVERSION = YES;
				CLANG_WARN_INFINITE_RECURSION = YES;
				CLANG_WARN_INT_CONVERSION = YES;
				CLANG_WARN_NON_LITERAL_NULL_CONVERSION = YES;
				CLANG_WARN_OBJC_IMPLICIT_RETAIN_SELF = YES;
				CLANG_WARN_OBJC_LITERAL_CONVERSION = YES;
				CLANG_WARN_OBJC_ROOT_CLASS = YES_ERROR;
				CLANG_WARN_QUOTED_INCLUDE_IN_FRAMEWORK_HEADER = YES;
				CLANG_WARN_RANGE_LOOP_ANALYSIS = YES;
				CLANG_WARN_STRICT_PROTOTYPES = YES;
				CLANG_WARN_SUSPICIOUS_MOVE = YES;
				CLANG_WARN_UNGUARDED_AVAILABILITY = YES_AGGRESSIVE;
				CLANG_WARN_UNREACHABLE_CODE = YES;
				CLANG_WARN__DUPLICATE_METHOD_MATCH = YES;
				COPY_PHASE_STRIP = NO;
				DEBUG_INFORMATION_FORMAT = dwarf;
				DEVELOPMENT_TEAM = 7ZGFAWH8RN;
				ENABLE_STRICT_OBJC_MSGSEND = YES;
				ENABLE_TESTABILITY = YES;
				ENABLE_USER_SCRIPT_SANDBOXING = YES;
				GCC_C_LANGUAGE_STANDARD = gnu17;
				GCC_DYNAMIC_NO_PIC = NO;
				GCC_NO_COMMON_BLOCKS = YES;
				GCC_OPTIMIZATION_LEVEL = 0;
				GCC_PREPROCESSOR_DEFINITIONS = (
					"DEBUG=1",
					"$(inherited)",
				);
				GCC_WARN_64_TO_32_BIT_CONVERSION = YES;
				GCC_WARN_ABOUT_RETURN_TYPE = YES_ERROR;
				GCC_WARN_UNDECLARED_SELECTOR = YES;
				GCC_WARN_UNINITIALIZED_AUTOS = YES_AGGRESSIVE;
				GCC_WARN_UNUSED_FUNCTION = YES;
				GCC_WARN_UNUSED_VARIABLE = YES;
				IPHONEOS_DEPLOYMENT_TARGET = 26.2;
				LOCALIZATION_PREFERS_STRING_CATALOGS = YES;
				MTL_ENABLE_DEBUG_INFO = INCLUDE_SOURCE;
				MTL_FAST_MATH = YES;
				ONLY_ACTIVE_ARCH = YES;
				SDKROOT = iphoneos;
				SWIFT_ACTIVE_COMPILATION_CONDITIONS = "DEBUG $(inherited)";
				SWIFT_OPTIMIZATION_LEVEL = "-Onone";
			};
			name = Debug;
		};
		3B70E5FF2F245E810052E385 /* Release */ = {
			isa = XCBuildConfiguration;
			buildSettings = {
				ALWAYS_SEARCH_USER_PATHS = NO;
				ASSETCATALOG_COMPILER_GENERATE_SWIFT_ASSET_SYMBOL_EXTENSIONS = YES;
				CLANG_ANALYZER_NONNULL = YES;
				CLANG_ANALYZER_NUMBER_OBJECT_CONVERSION = YES_AGGRESSIVE;
				CLANG_CXX_LANGUAGE_STANDARD = "gnu++20";
				CLANG_ENABLE_MODULES = YES;
				CLANG_ENABLE_OBJC_ARC = YES;
				CLANG_ENABLE_OBJC_WEAK = YES;
				CLANG_WARN_BLOCK_CAPTURE_AUTORELEASING = YES;
				CLANG_WARN_BOOL_CONVERSION = YES;
				CLANG_WARN_COMMA = YES;
				CLANG_WARN_CONSTANT_CONVERSION = YES;
				CLANG_WARN_DEPRECATED_OBJC_IMPLEMENTATIONS = YES;
				CLANG_WARN_DIRECT_OBJC_ISA_USAGE = YES_ERROR;
				CLANG_WARN_DOCUMENTATION_COMMENTS = YES;
				CLANG_WARN_EMPTY_BODY = YES;
				CLANG_WARN_ENUM_CONVERSION = YES;
				CLANG_WARN_INFINITE_RECURSION = YES;
				CLANG_WARN_INT_CONVERSION = YES;
				CLANG_WARN_NON_LITERAL_NULL_CONVERSION = YES;
				CLANG_WARN_OBJC_IMPLICIT_RETAIN_SELF = YES;
				CLANG_WARN_OBJC_LITERAL_CONVERSION = YES;
				CLANG_WARN_OBJC_ROOT_CLASS = YES_ERROR;
				CLANG_WARN_QUOTED_INCLUDE_IN_FRAMEWORK_HEADER = YES;
				CLANG_WARN_RANGE_LOOP_ANALYSIS = YES;
				CLANG_WARN_STRICT_PROTOTYPES = YES;
				CLANG_WARN_SUSPICIOUS_MOVE = YES;
				CLANG_WARN_UNGUARDED_AVAILABILITY = YES_AGGRESSIVE;
				CLANG_WARN_UNREACHABLE_CODE = YES;
				CLANG_WARN__DUPLICATE_METHOD_MATCH = YES;
				COPY_PHASE_STRIP = NO;
				DEBUG_INFORMATION_FORMAT = "dwarf-with-dsym";
				DEVELOPMENT_TEAM = 7ZGFAWH8RN;
				ENABLE_NS_ASSERTIONS = NO;
				ENABLE_STRICT_OBJC_MSGSEND = YES;
				ENABLE_USER_SCRIPT_SANDBOXING = YES;
				GCC_C_LANGUAGE_STANDARD = gnu17;
				GCC_NO_COMMON_BLOCKS = YES;
				GCC_WARN_64_TO_32_BIT_CONVERSION = YES;
				GCC_WARN_ABOUT_RETURN_TYPE = YES_ERROR;
				GCC_WARN_UNDECLARED_SELECTOR = YES;
				GCC_WARN_UNINITIALIZED_AUTOS = YES_AGGRESSIVE;
				GCC_WARN_UNUSED_FUNCTION = YES;
				GCC_WARN_UNUSED_VARIABLE = YES;
				IPHONEOS_DEPLOYMENT_TARGET = 26.2;
				LOCALIZATION_PREFERS_STRING_CATALOGS = YES;
				MTL_ENABLE_DEBUG_INFO = NO;
				MTL_FAST_MATH = YES;
				SDKROOT = iphoneos;
				SWIFT_COMPILATION_MODE = wholemodule;
				VALIDATE_PRODUCT = YES;
			};
			name = Release;
		};
		3B70E6012F245E810052E385 /* Debug */ = {
			isa = XCBuildConfiguration;
			buildSettings = {
				BUNDLE_LOADER = "$(TEST_HOST)";
				CODE_SIGN_STYLE = Automatic;
				CURRENT_PROJECT_VERSION = 1;
				DEVELOPMENT_TEAM = 7ZGFAWH8RN;
				GENERATE_INFOPLIST_FILE = YES;
				IPHONEOS_DEPLOYMENT_TARGET = 26.2;
				MARKETING_VERSION = 1.0;
				PRODUCT_BUNDLE_IDENTIFIER = com.annyeongjelly.PostManagerTests;
				PRODUCT_NAME = "$(TARGET_NAME)";
				STRING_CATALOG_GENERATE_SYMBOLS = NO;
				SWIFT_APPROACHABLE_CONCURRENCY = YES;
				SWIFT_EMIT_LOC_STRINGS = NO;
				SWIFT_UPCOMING_FEATURE_MEMBER_IMPORT_VISIBILITY = YES;
				SWIFT_VERSION = 5.0;
				TARGETED_DEVICE_FAMILY = "1,2";
				TEST_HOST = "$(BUILT_PRODUCTS_DIR)/PostManager.app/$(BUNDLE_EXECUTABLE_FOLDER_PATH)/PostManager";
			};
			name = Debug;
		};
		3B70E6022F245E810052E385 /* Release */ = {
			isa = XCBuildConfiguration;
			buildSettings = {
				BUNDLE_LOADER = "$(TEST_HOST)";
				CODE_SIGN_STYLE = Automatic;
				CURRENT_PROJECT_VERSION = 1;
				DEVELOPMENT_TEAM = 7ZGFAWH8RN;
				GENERATE_INFOPLIST_FILE = YES;
				IPHONEOS_DEPLOYMENT_TARGET = 26.2;
				MARKETING_VERSION = 1.0;
				PRODUCT_BUNDLE_IDENTIFIER = com.annyeongjelly.PostManagerTests;
				PRODUCT_NAME = "$(TARGET_NAME)";
				STRING_CATALOG_GENERATE_SYMBOLS = NO;
				SWIFT_APPROACHABLE_CONCURRENCY = YES;
				SWIFT_EMIT_LOC_STRINGS = NO;
				SWIFT_UPCOMING_FEATURE_MEMBER_IMPORT_VISIBILITY = YES;
				SWIFT_VERSION = 5.0;
				TARGETED_DEVICE_FAMILY = "1,2";
				TEST_HOST = "$(BUILT_PRODUCTS_DIR)/PostManager.app/$(BUNDLE_EXECUTABLE_FOLDER_PATH)/PostManager";
			};
			name = Release;
		};
		3B70E6042F245E810052E385 /* Debug */ = {
			isa = XCBuildConfiguration;
			buildSettings = {
				CODE_SIGN_STYLE = Automatic;
				CURRENT_PROJECT_VERSION = 1;
				DEVELOPMENT_TEAM = 7ZGFAWH8RN;
				GENERATE_INFOPLIST_FILE = YES;
				MARKETING_VERSION = 1.0;
				PRODUCT_BUNDLE_IDENTIFIER = com.annyeongjelly.PostManagerUITests;
				PRODUCT_NAME = "$(TARGET_NAME)";
				STRING_CATALOG_GENERATE_SYMBOLS = NO;
				SWIFT_APPROACHABLE_CONCURRENCY = YES;
				SWIFT_EMIT_LOC_STRINGS = NO;
				SWIFT_UPCOMING_FEATURE_MEMBER_IMPORT_VISIBILITY = YES;
				SWIFT_VERSION = 5.0;
				TARGETED_DEVICE_FAMILY = "1,2";
				TEST_TARGET_NAME = PostManager;
			};
			name = Debug;
		};
		3B70E6052F245E810052E385 /* Release */ = {
			isa = XCBuildConfiguration;
			buildSettings = {
				CODE_SIGN_STYLE = Automatic;
				CURRENT_PROJECT_VERSION = 1;
				DEVELOPMENT_TEAM = 7ZGFAWH8RN;
				GENERATE_INFOPLIST_FILE = YES;
				MARKETING_VERSION = 1.0;
				PRODUCT_BUNDLE_IDENTIFIER = com.annyeongjelly.PostManagerUITests;
				PRODUCT_NAME = "$(TARGET_NAME)";
				STRING_CATALOG_GENERATE_SYMBOLS = NO;
				SWIFT_APPROACHABLE_CONCURRENCY = YES;
				SWIFT_EMIT_LOC_STRINGS = NO;
				SWIFT_UPCOMING_FEATURE_MEMBER_IMPORT_VISIBILITY = YES;
				SWIFT_VERSION = 5.0;
				TARGETED_DEVICE_FAMILY = "1,2";
				TEST_TARGET_NAME = PostManager;
			};
			name = Release;
		};
/* End XCBuildConfiguration section */

/* Begin XCConfigurationList section */
		3B70E5CD2F245E800052E385 /* Build configuration list for PBXProject "PostManager" */ = {
			isa = XCConfigurationList;
			buildConfigurations = (
				3B70E5FE2F245E810052E385 /* Debug */,
				3B70E5FF2F245E810052E385 /* Release */,
			);
			defaultConfigurationIsVisible = 0;
			defaultConfigurationName = Release;
		};
		3B70E5FB2F245E810052E385 /* Build configuration list for PBXNativeTarget "PostManager" */ = {
			isa = XCConfigurationList;
			buildConfigurations = (
				3B70E5FC2F245E810052E385 /* Debug */,
				3B70E5FD2F245E810052E385 /* Release */,
			);
			defaultConfigurationIsVisible = 0;
			defaultConfigurationName = Release;
		};
		3B70E6002F245E810052E385 /* Build configuration list for PBXNativeTarget "PostManagerTests" */ = {
			isa = XCConfigurationList;
			buildConfigurations = (
				3B70E6012F245E810052E385 /* Debug */,
				3B70E6022F245E810052E385 /* Release */,
			);
			defaultConfigurationIsVisible = 0;
			defaultConfigurationName = Release;
		};
		3B70E6032F245E810052E385 /* Build configuration list for PBXNativeTarget "PostManagerUITests" */ = {
			isa = XCConfigurationList;
			buildConfigurations = (
				3B70E6042F245E810052E385 /* Debug */,
				3B70E6052F245E810052E385 /* Release */,
			);
			defaultConfigurationIsVisible = 0;
			defaultConfigurationName = Release;
		};
/* End XCConfigurationList section */

/* Begin XCRemoteSwiftPackageReference section */
		3BD85F522F26FF72004CEBDC /* XCRemoteSwiftPackageReference "SnapKit" */ = {
			isa = XCRemoteSwiftPackageReference;
			repositoryURL = "https://github.com/SnapKit/SnapKit.git";
			requirement = {
				kind = upToNextMajorVersion;
				minimumVersion = 5.7.1;
			};
		};
		3BD85F552F26FF89004CEBDC /* XCRemoteSwiftPackageReference "Then" */ = {
			isa = XCRemoteSwiftPackageReference;
			repositoryURL = "https://github.com/devxoul/Then.git";
			requirement = {
				kind = upToNextMajorVersion;
				minimumVersion = 3.0.0;
			};
		};
		3BD85F5C2F270683004CEBDC /* XCRemoteSwiftPackageReference "RxSwift" */ = {
			isa = XCRemoteSwiftPackageReference;
			repositoryURL = "https://github.com/ReactiveX/RxSwift.git";
			requirement = {
				kind = upToNextMajorVersion;
				minimumVersion = 6.10.0;
			};
		};
/* End XCRemoteSwiftPackageReference section */

/* Begin XCSwiftPackageProductDependency section */
		3BD85F532F26FF72004CEBDC /* SnapKit */ = {
			isa = XCSwiftPackageProductDependency;
			package = 3BD85F522F26FF72004CEBDC /* XCRemoteSwiftPackageReference "SnapKit" */;
			productName = SnapKit;
		};
		3BD85F562F26FF89004CEBDC /* Then */ = {
			isa = XCSwiftPackageProductDependency;
			package = 3BD85F552F26FF89004CEBDC /* XCRemoteSwiftPackageReference "Then" */;
			productName = Then;
		};
		3BD85F5D2F270683004CEBDC /* RxCocoa */ = {
			isa = XCSwiftPackageProductDependency;
			package = 3BD85F5C2F270683004CEBDC /* XCRemoteSwiftPackageReference "RxSwift" */;
			productName = RxCocoa;
		};
		3BD85F5F2F270683004CEBDC /* RxSwift */ = {
			isa = XCSwiftPackageProductDependency;
			package = 3BD85F5C2F270683004CEBDC /* XCRemoteSwiftPackageReference "RxSwift" */;
			productName = RxSwift;
		};
		3BD85F612F270683004CEBDC /* RxTest */ = {
			isa = XCSwiftPackageProductDependency;
			package = 3BD85F5C2F270683004CEBDC /* XCRemoteSwiftPackageReference "RxSwift" */;
			productName = RxTest;
		};
/* End XCSwiftPackageProductDependency section */
	};
	rootObject = 3B70E5CA2F245E800052E385 /* Project object */;
}
